
Microsoft Visual Studio Solution File, Format Version 9.00
# Visual Studio 2005
Project("{8BC9CEB8-8B4A-11D0-8D11-00A0C91BC942}") = "DicomShell", "DicomShell\DicomShell.vcproj", "{7538366A-1BF1-4450-9FDA-DA178B4D97B5}"
EndProject
Project("{54435603-DBB4-11D2-8724-00A0C9A8B90C}") = "Setup", "Setup\Setup.vdproj", "{51826E89-F7DD-48C3-B254-08A818955EB2}"
EndProject
Project("{A49CE20D-CE64-4A08-9F24-92A6443D6699}") = "WiX", "WiX\WiX.wixproj", "{5FCB4062-2BC8-48ED-8F26-FC41F96F9E3F}"
EndProject
Global
	GlobalSection(SolutionConfigurationPlatforms) = preSolution
		Debug|Win32 = Debug|Win32
		Release|Win32 = Release|Win32
	EndGlobalSection
	GlobalSection(ProjectConfigurationPlatforms) = postSolution
		{7538366A-1BF1-4450-9FDA-DA178B4D97B5}.Debug|Win32.ActiveCfg = Debug|Win32
		{7538366A-1BF1-4450-9FDA-DA178B4D97B5}.Debug|Win32.Build.0 = Debug|Win32
		{7538366A-1BF1-4450-9FDA-DA178B4D97B5}.Release|Win32.ActiveCfg = Release|Win32
		{7538366A-1BF1-4450-9FDA-DA178B4D97B5}.Release|Win32.Build.0 = Release|Win32
		{51826E89-F7DD-48C3-B254-08A818955EB2}.Debug|Win32.ActiveCfg = Debug
		{51826E89-F7DD-48C3-B254-08A818955EB2}.Debug|Win32.Build.0 = Debug
		{51826E89-F7DD-48C3-B254-08A818955EB2}.Release|Win32.ActiveCfg = Release
		{51826E89-F7DD-48C3-B254-08A818955EB2}.Release|Win32.Build.0 = Release
		{5FCB4062-2BC8-48ED-8F26-FC41F96F9E3F}.Debug|Win32.ActiveCfg = Debug
		{5FCB4062-2BC8-48ED-8F26-FC41F96F9E3F}.Debug|Win32.Build.0 = Debug
		{5FCB4062-2BC8-48ED-8F26-FC41F96F9E3F}.Release|Win32.ActiveCfg = Release
		{5FCB4062-2BC8-48ED-8F26-FC41F96F9E3F}.Release|Win32.Build.0 = Release
	EndGlobalSection
	GlobalSection(SolutionProperties) = preSolution
		HideSolutionNode = FALSE
	EndGlobalSection
EndGlobal
